
Microsoft Visual Studio Solution File, Format Version 12.00
# Visual Studio Version 16
VisualStudioVersion = 16.0.32126.315
MinimumVisualStudioVersion = 10.0.40219.1
Project("{FAE04EC0-301F-11D3-BF4B-00C04F79EFBC}") = "NROMToMapper474", "NROMToMapper474\NROMToMapper474.csproj", "{787BA986-0147-4D67-866D-D8C2EA83A9F1}"
EndProject
Global
	GlobalSection(SolutionConfigurationPlatforms) = preSolution
		Debug|Any CPU = Debug|Any CPU
		Release|Any CPU = Release|Any CPU
	EndGlobalSection
	GlobalSection(ProjectConfigurationPlatforms) = postSolution
		{787BA986-0147-4D67-866D-D8C2EA83A9F1}.Debug|Any CPU.ActiveCfg = Debug|Any CPU
		{787BA986-0147-4D67-866D-D8C2EA83A9F1}.Debug|Any CPU.Build.0 = Debug|Any CPU
		{787BA986-0147-4D67-866D-D8C2EA83A9F1}.Release|Any CPU.ActiveCfg = Release|Any CPU
		{787BA986-0147-4D67-866D-D8C2EA83A9F1}.Release|Any CPU.Build.0 = Release|Any CPU
	EndGlobalSection
	GlobalSection(SolutionProperties) = preSolution
		HideSolutionNode = FALSE
	EndGlobalSection
	GlobalSection(ExtensibilityGlobals) = postSolution
		SolutionGuid = {6C6B5FAF-4412-405C-8B26-08AAE85C4EE5}
	EndGlobalSection
EndGlobal
